
Microsoft Visual Studio Solution File, Format Version 12.00
Project("{FAE04EC0-301F-11D3-BF4B-00C04F79EFBC}") = "ParallelOriginGameServer", "ParallelOriginGameServer\ParallelOriginGameServer.csproj", "{328AEC26-3B71-4FDE-9359-871B64B6B665}"
EndProject
Global
	GlobalSection(SolutionConfigurationPlatforms) = preSolution
		Debug|Any CPU = Debug|Any CPU
		Release|Any CPU = Release|Any CPU
	EndGlobalSection
	GlobalSection(ProjectConfigurationPlatforms) = postSolution
		{328AEC26-3B71-4FDE-9359-871B64B6B665}.Debug|Any CPU.ActiveCfg = Debug|Any CPU
		{328AEC26-3B71-4FDE-9359-871B64B6B665}.Debug|Any CPU.Build.0 = Debug|Any CPU
		{328AEC26-3B71-4FDE-9359-871B64B6B665}.Release|Any CPU.ActiveCfg = Release|Any CPU
		{328AEC26-3B71-4FDE-9359-871B64B6B665}.Release|Any CPU.Build.0 = Release|Any CPU
	EndGlobalSection
EndGlobal
